
Microsoft Visual Studio Solution File, Format Version 12.00
# Visual Studio Version 17
VisualStudioVersion = 17.9.34714.143
MinimumVisualStudioVersion = 10.0.40219.1
Project("{FAE04EC0-301F-11D3-BF4B-00C04F79EFBC}") = "SocialNetwork", "SocialNetwork\SocialNetwork.csproj", "{F543DD96-4B09-4468-863C-2EECEC6609B5}"
EndProject
Global
	GlobalSection(SolutionConfigurationPlatforms) = preSolution
		Debug|Any CPU = Debug|Any CPU
		Release|Any CPU = Release|Any CPU
	EndGlobalSection
	GlobalSection(ProjectConfigurationPlatforms) = postSolution
		{F543DD96-4B09-4468-863C-2EECEC6609B5}.Debug|Any CPU.ActiveCfg = Debug|Any CPU
		{F543DD96-4B09-4468-863C-2EECEC6609B5}.Debug|Any CPU.Build.0 = Debug|Any CPU
		{F543DD96-4B09-4468-863C-2EECEC6609B5}.Release|Any CPU.ActiveCfg = Release|Any CPU
		{F543DD96-4B09-4468-863C-2EECEC6609B5}.Release|Any CPU.Build.0 = Release|Any CPU
	EndGlobalSection
	GlobalSection(SolutionProperties) = preSolution
		HideSolutionNode = FALSE
	EndGlobalSection
	GlobalSection(ExtensibilityGlobals) = postSolution
		SolutionGuid = {2AAFC327-A76A-4FE2-ABCD-07F272B01491}
	EndGlobalSection
EndGlobal
